
Microsoft Visual Studio Solution File, Format Version 12.00
# Visual Studio 15
VisualStudioVersion = 15.0.28307.539
MinimumVisualStudioVersion = 10.0.40219.1
Project("{FAE04EC0-301F-11D3-BF4B-00C04F79EFBC}") = "NTTDataWebFhone", "NTTDataWebFhone\NTTDataWebFhone.csproj", "{5BA63E3D-0870-401C-9608-4DD1D96A39B2}"
EndProject
Project("{FAE04EC0-301F-11D3-BF4B-00C04F79EFBC}") = "PhoneFix.DAL", "PhoneFix.DAL\PhoneFix.DAL.csproj", "{79DAF36D-51EE-477F-AE1B-5B7631420B46}"
EndProject
Project("{FAE04EC0-301F-11D3-BF4B-00C04F79EFBC}") = "PhoneFix.BLL", "PhoneFix.BLL\PhoneFix.BLL.csproj", "{F18E38B0-DF00-4803-A967-125E3E5E2547}"
	ProjectSection(ProjectDependencies) = postProject
		{79DAF36D-51EE-477F-AE1B-5B7631420B46} = {79DAF36D-51EE-477F-AE1B-5B7631420B46}
	EndProjectSection
EndProject
Global
	GlobalSection(SolutionConfigurationPlatforms) = preSolution
		Debug|Any CPU = Debug|Any CPU
		Release|Any CPU = Release|Any CPU
	EndGlobalSection
	GlobalSection(ProjectConfigurationPlatforms) = postSolution
		{5BA63E3D-0870-401C-9608-4DD1D96A39B2}.Debug|Any CPU.ActiveCfg = Debug|Any CPU
		{5BA63E3D-0870-401C-9608-4DD1D96A39B2}.Debug|Any CPU.Build.0 = Debug|Any CPU
		{5BA63E3D-0870-401C-9608-4DD1D96A39B2}.Release|Any CPU.ActiveCfg = Release|Any CPU
		{5BA63E3D-0870-401C-9608-4DD1D96A39B2}.Release|Any CPU.Build.0 = Release|Any CPU
		{79DAF36D-51EE-477F-AE1B-5B7631420B46}.Debug|Any CPU.ActiveCfg = Debug|Any CPU
		{79DAF36D-51EE-477F-AE1B-5B7631420B46}.Debug|Any CPU.Build.0 = Debug|Any CPU
		{79DAF36D-51EE-477F-AE1B-5B7631420B46}.Release|Any CPU.ActiveCfg = Release|Any CPU
		{79DAF36D-51EE-477F-AE1B-5B7631420B46}.Release|Any CPU.Build.0 = Release|Any CPU
		{F18E38B0-DF00-4803-A967-125E3E5E2547}.Debug|Any CPU.ActiveCfg = Debug|Any CPU
		{F18E38B0-DF00-4803-A967-125E3E5E2547}.Debug|Any CPU.Build.0 = Debug|Any CPU
		{F18E38B0-DF00-4803-A967-125E3E5E2547}.Release|Any CPU.ActiveCfg = Release|Any CPU
		{F18E38B0-DF00-4803-A967-125E3E5E2547}.Release|Any CPU.Build.0 = Release|Any CPU
	EndGlobalSection
	GlobalSection(SolutionProperties) = preSolution
		HideSolutionNode = FALSE
	EndGlobalSection
	GlobalSection(ExtensibilityGlobals) = postSolution
		SolutionGuid = {A837D49E-B26A-4766-9761-3BBE68106840}
	EndGlobalSection
EndGlobal
